
Microsoft Visual Studio Solution File, Format Version 12.00
# Visual Studio 15
VisualStudioVersion = 15.0.27703.2026
MinimumVisualStudioVersion = 10.0.40219.1
Project("{F184B08F-C81C-45F6-A57F-5ABD9991F28F}") = "AntVB", "AntVB.vbproj", "{A8AD7CA3-8CCC-4F0D-891D-45F879F12C16}"
EndProject
Global
	GlobalSection(SolutionConfigurationPlatforms) = preSolution
		Debug|Any CPU = Debug|Any CPU
		Release|Any CPU = Release|Any CPU
	EndGlobalSection
	GlobalSection(ProjectConfigurationPlatforms) = postSolution
		{A8AD7CA3-8CCC-4F0D-891D-45F879F12C16}.Debug|Any CPU.ActiveCfg = Debug|Any CPU
		{A8AD7CA3-8CCC-4F0D-891D-45F879F12C16}.Debug|Any CPU.Build.0 = Debug|Any CPU
		{A8AD7CA3-8CCC-4F0D-891D-45F879F12C16}.Release|Any CPU.ActiveCfg = Release|Any CPU
		{A8AD7CA3-8CCC-4F0D-891D-45F879F12C16}.Release|Any CPU.Build.0 = Release|Any CPU
	EndGlobalSection
	GlobalSection(SolutionProperties) = preSolution
		HideSolutionNode = FALSE
	EndGlobalSection
	GlobalSection(ExtensibilityGlobals) = postSolution
		SolutionGuid = {59B35F7B-224A-483F-9C1D-ECF63EDD4B90}
	EndGlobalSection
EndGlobal
